
Microsoft Visual Studio Solution File, Format Version 12.00
# Visual Studio 14
VisualStudioVersion = 14.0.25123.0
MinimumVisualStudioVersion = 10.0.40219.1
Project("{FAE04EC0-301F-11D3-BF4B-00C04F79EFBC}") = "AngularApp", "AngularApp\AngularApp.csproj", "{D84CC0A6-AD55-4163-99B5-47BA7030719C}"
EndProject
Global
	GlobalSection(SolutionConfigurationPlatforms) = preSolution
		Debug|Any CPU = Debug|Any CPU
		Release|Any CPU = Release|Any CPU
	EndGlobalSection
	GlobalSection(ProjectConfigurationPlatforms) = postSolution
		{D84CC0A6-AD55-4163-99B5-47BA7030719C}.Debug|Any CPU.ActiveCfg = Debug|Any CPU
		{D84CC0A6-AD55-4163-99B5-47BA7030719C}.Debug|Any CPU.Build.0 = Debug|Any CPU
		{D84CC0A6-AD55-4163-99B5-47BA7030719C}.Release|Any CPU.ActiveCfg = Release|Any CPU
		{D84CC0A6-AD55-4163-99B5-47BA7030719C}.Release|Any CPU.Build.0 = Release|Any CPU
	EndGlobalSection
	GlobalSection(SolutionProperties) = preSolution
		HideSolutionNode = FALSE
	EndGlobalSection
EndGlobal
